
Microsoft Visual Studio Solution File, Format Version 12.00
# Visual Studio Version 17
VisualStudioVersion = 17.5.002.0
MinimumVisualStudioVersion = 10.0.40219.1
Project("{2150E333-8FDC-42A3-9474-1A3956D46DE8}") = "prepare", "prepare", "{E75DAD51-B0CB-4320-AEF7-5125A8C407E5}"
EndProject
Project("{9A19103F-16F7-4668-BE54-9A1E7A4F7556}") = "Learning02", "prepare\Learning02\Learning02.csproj", "{C28987B9-DF59-4646-AFA9-94E89E2CFD28}"
EndProject
Project("{9A19103F-16F7-4668-BE54-9A1E7A4F7556}") = "Learning05", "prepare\Learning05\Learning05.csproj", "{13B2FA8A-598A-45E6-9EED-9A6858305139}"
EndProject
Project("{9A19103F-16F7-4668-BE54-9A1E7A4F7556}") = "Learning04", "prepare\Learning04\Learning04.csproj", "{844D6EC0-D4C5-4DCF-A037-57C7E1F06172}"
EndProject
Project("{9A19103F-16F7-4668-BE54-9A1E7A4F7556}") = "Learning03", "prepare\Learning03\Learning03.csproj", "{5BEA1EA2-EF7F-44B4-8D9A-25A11408B021}"
EndProject
Project("{2150E333-8FDC-42A3-9474-1A3956D46DE8}") = "prove", "prove", "{52D1A2FB-D7A1-4193-B05C-2C09848AF507}"
EndProject
Project("{9A19103F-16F7-4668-BE54-9A1E7A4F7556}") = "Develop03", "prove\Develop03\Develop03.csproj", "{2988C2E5-1AD8-4054-B9A7-C6929DA64F24}"
EndProject
Project("{9A19103F-16F7-4668-BE54-9A1E7A4F7556}") = "Develop04", "prove\Develop04\Develop04.csproj", "{A39B5A1E-074D-489C-8B25-A2B6B7D302C3}"
EndProject
Project("{9A19103F-16F7-4668-BE54-9A1E7A4F7556}") = "Develop05", "prove\Develop05\Develop05.csproj", "{1A3E6F42-EF71-4003-9DC5-16CE08E9D8DC}"
EndProject
Project("{9A19103F-16F7-4668-BE54-9A1E7A4F7556}") = "Develop02", "prove\Develop02\Develop02.csproj", "{ED2693FF-5919-4EFF-8546-3157A0CC1A82}"
EndProject
Project("{2150E333-8FDC-42A3-9474-1A3956D46DE8}") = "sandbox", "sandbox", "{BB2C828E-23F7-46EF-B0D8-AAE78802A0BC}"
EndProject
Project("{9A19103F-16F7-4668-BE54-9A1E7A4F7556}") = "Sandbox", "sandbox\Sandbox\Sandbox.csproj", "{B2BDC2C1-0476-4B1A-8818-FEABB7CC82A8}"
EndProject
Project("{2150E333-8FDC-42A3-9474-1A3956D46DE8}") = "final", "final", "{BC2F12DC-F58A-46F2-B2AB-6AD8B8F96B50}"
EndProject
Project("{9A19103F-16F7-4668-BE54-9A1E7A4F7556}") = "FinalProject", "final\FinalProject\FinalProject.csproj", "{D79EE59F-5476-475D-B164-74C08C33DA20}"
EndProject
Project("{9A19103F-16F7-4668-BE54-9A1E7A4F7556}") = "Foundation1", "final\Foundation1\Foundation1.csproj", "{C4D5B263-9572-4421-8D2F-0F5B6BE4CB19}"
EndProject
Project("{9A19103F-16F7-4668-BE54-9A1E7A4F7556}") = "Foundation4", "final\Foundation4\Foundation4.csproj", "{407D0347-0BD7-4F41-B36A-793BB403B8A8}"
EndProject
Project("{9A19103F-16F7-4668-BE54-9A1E7A4F7556}") = "Foundation3", "final\Foundation3\Foundation3.csproj", "{B61B8D69-72DB-4246-B747-E7F120CE7509}"
EndProject
Project("{9A19103F-16F7-4668-BE54-9A1E7A4F7556}") = "Foundation2", "final\Foundation2\Foundation2.csproj", "{C647346C-0164-4E24-A91E-D4D8386A69E4}"
EndProject
Project("{2150E333-8FDC-42A3-9474-1A3956D46DE8}") = "csharp-prep", "csharp-prep", "{73FA8530-995D-4E95-86CE-340BAD934D69}"
EndProject
Project("{9A19103F-16F7-4668-BE54-9A1E7A4F7556}") = "Prep1", "csharp-prep\Prep1\Prep1.csproj", "{47EDD03A-E7D3-4037-B42B-210822646487}"
EndProject
Project("{9A19103F-16F7-4668-BE54-9A1E7A4F7556}") = "Prep5", "csharp-prep\Prep5\Prep5.csproj", "{73CD368E-D71D-4D74-A897-9FF2BE974228}"
EndProject
Project("{9A19103F-16F7-4668-BE54-9A1E7A4F7556}") = "Prep2", "csharp-prep\Prep2\Prep2.csproj", "{4CB5A431-01A2-49CE-A0A4-DEDD42AAD6AC}"
EndProject
Project("{9A19103F-16F7-4668-BE54-9A1E7A4F7556}") = "Prep3", "csharp-prep\Prep3\Prep3.csproj", "{6869CD29-6560-4281-944A-BC03870293D3}"
EndProject
Project("{9A19103F-16F7-4668-BE54-9A1E7A4F7556}") = "Prep4", "csharp-prep\Prep4\Prep4.csproj", "{57897983-384F-4B00-A4CC-D63BCC8D8FBE}"
EndProject
Global
	GlobalSection(SolutionConfigurationPlatforms) = preSolution
		Debug|Any CPU = Debug|Any CPU
		Release|Any CPU = Release|Any CPU
	EndGlobalSection
	GlobalSection(ProjectConfigurationPlatforms) = postSolution
		{C28987B9-DF59-4646-AFA9-94E89E2CFD28}.Debug|Any CPU.ActiveCfg = Debug|Any CPU
		{C28987B9-DF59-4646-AFA9-94E89E2CFD28}.Debug|Any CPU.Build.0 = Debug|Any CPU
		{C28987B9-DF59-4646-AFA9-94E89E2CFD28}.Release|Any CPU.ActiveCfg = Release|Any CPU
		{C28987B9-DF59-4646-AFA9-94E89E2CFD28}.Release|Any CPU.Build.0 = Release|Any CPU
		{13B2FA8A-598A-45E6-9EED-9A6858305139}.Debug|Any CPU.ActiveCfg = Debug|Any CPU
		{13B2FA8A-598A-45E6-9EED-9A6858305139}.Debug|Any CPU.Build.0 = Debug|Any CPU
		{13B2FA8A-598A-45E6-9EED-9A6858305139}.Release|Any CPU.ActiveCfg = Release|Any CPU
		{13B2FA8A-598A-45E6-9EED-9A6858305139}.Release|Any CPU.Build.0 = Release|Any CPU
		{844D6EC0-D4C5-4DCF-A037-57C7E1F06172}.Debug|Any CPU.ActiveCfg = Debug|Any CPU
		{844D6EC0-D4C5-4DCF-A037-57C7E1F06172}.Debug|Any CPU.Build.0 = Debug|Any CPU
		{844D6EC0-D4C5-4DCF-A037-57C7E1F06172}.Release|Any CPU.ActiveCfg = Release|Any CPU
		{844D6EC0-D4C5-4DCF-A037-57C7E1F06172}.Release|Any CPU.Build.0 = Release|Any CPU
		{5BEA1EA2-EF7F-44B4-8D9A-25A11408B021}.Debug|Any CPU.ActiveCfg = Debug|Any CPU
		{5BEA1EA2-EF7F-44B4-8D9A-25A11408B021}.Debug|Any CPU.Build.0 = Debug|Any CPU
		{5BEA1EA2-EF7F-44B4-8D9A-25A11408B021}.Release|Any CPU.ActiveCfg = Release|Any CPU
		{5BEA1EA2-EF7F-44B4-8D9A-25A11408B021}.Release|Any CPU.Build.0 = Release|Any CPU
		{2988C2E5-1AD8-4054-B9A7-C6929DA64F24}.Debug|Any CPU.ActiveCfg = Debug|Any CPU
		{2988C2E5-1AD8-4054-B9A7-C6929DA64F24}.Debug|Any CPU.Build.0 = Debug|Any CPU
		{2988C2E5-1AD8-4054-B9A7-C6929DA64F24}.Release|Any CPU.ActiveCfg = Release|Any CPU
		{2988C2E5-1AD8-4054-B9A7-C6929DA64F24}.Release|Any CPU.Build.0 = Release|Any CPU
		{A39B5A1E-074D-489C-8B25-A2B6B7D302C3}.Debug|Any CPU.ActiveCfg = Debug|Any CPU
		{A39B5A1E-074D-489C-8B25-A2B6B7D302C3}.Debug|Any CPU.Build.0 = Debug|Any CPU
		{A39B5A1E-074D-489C-8B25-A2B6B7D302C3}.Release|Any CPU.ActiveCfg = Release|Any CPU
		{A39B5A1E-074D-489C-8B25-A2B6B7D302C3}.Release|Any CPU.Build.0 = Release|Any CPU
		{1A3E6F42-EF71-4003-9DC5-16CE08E9D8DC}.Debug|Any CPU.ActiveCfg = Debug|Any CPU
		{1A3E6F42-EF71-4003-9DC5-16CE08E9D8DC}.Debug|Any CPU.Build.0 = Debug|Any CPU
		{1A3E6F42-EF71-4003-9DC5-16CE08E9D8DC}.Release|Any CPU.ActiveCfg = Release|Any CPU
		{1A3E6F42-EF71-4003-9DC5-16CE08E9D8DC}.Release|Any CPU.Build.0 = Release|Any CPU
		{ED2693FF-5919-4EFF-8546-3157A0CC1A82}.Debug|Any CPU.ActiveCfg = Debug|Any CPU
		{ED2693FF-5919-4EFF-8546-3157A0CC1A82}.Debug|Any CPU.Build.0 = Debug|Any CPU
		{ED2693FF-5919-4EFF-8546-3157A0CC1A82}.Release|Any CPU.ActiveCfg = Release|Any CPU
		{ED2693FF-5919-4EFF-8546-3157A0CC1A82}.Release|Any CPU.Build.0 = Release|Any CPU
		{B2BDC2C1-0476-4B1A-8818-FEABB7CC82A8}.Debug|Any CPU.ActiveCfg = Debug|Any CPU
		{B2BDC2C1-0476-4B1A-8818-FEABB7CC82A8}.Debug|Any CPU.Build.0 = Debug|Any CPU
		{B2BDC2C1-0476-4B1A-8818-FEABB7CC82A8}.Release|Any CPU.ActiveCfg = Release|Any CPU
		{B2BDC2C1-0476-4B1A-8818-FEABB7CC82A8}.Release|Any CPU.Build.0 = Release|Any CPU
		{D79EE59F-5476-475D-B164-74C08C33DA20}.Debug|Any CPU.ActiveCfg = Debug|Any CPU
		{D79EE59F-5476-475D-B164-74C08C33DA20}.Debug|Any CPU.Build.0 = Debug|Any CPU
		{D79EE59F-5476-475D-B164-74C08C33DA20}.Release|Any CPU.ActiveCfg = Release|Any CPU
		{D79EE59F-5476-475D-B164-74C08C33DA20}.Release|Any CPU.Build.0 = Release|Any CPU
		{C4D5B263-9572-4421-8D2F-0F5B6BE4CB19}.Debug|Any CPU.ActiveCfg = Debug|Any CPU
		{C4D5B263-9572-4421-8D2F-0F5B6BE4CB19}.Debug|Any CPU.Build.0 = Debug|Any CPU
		{C4D5B263-9572-4421-8D2F-0F5B6BE4CB19}.Release|Any CPU.ActiveCfg = Release|Any CPU
		{C4D5B263-9572-4421-8D2F-0F5B6BE4CB19}.Release|Any CPU.Build.0 = Release|Any CPU
		{407D0347-0BD7-4F41-B36A-793BB403B8A8}.Debug|Any CPU.ActiveCfg = Debug|Any CPU
		{407D0347-0BD7-4F41-B36A-793BB403B8A8}.Debug|Any CPU.Build.0 = Debug|Any CPU
		{407D0347-0BD7-4F41-B36A-793BB403B8A8}.Release|Any CPU.ActiveCfg = Release|Any CPU
		{407D0347-0BD7-4F41-B36A-793BB403B8A8}.Release|Any CPU.Build.0 = Release|Any CPU
		{B61B8D69-72DB-4246-B747-E7F120CE7509}.Debug|Any CPU.ActiveCfg = Debug|Any CPU
		{B61B8D69-72DB-4246-B747-E7F120CE7509}.Debug|Any CPU.Build.0 = Debug|Any CPU
		{B61B8D69-72DB-4246-B747-E7F120CE7509}.Release|Any CPU.ActiveCfg = Release|Any CPU
		{B61B8D69-72DB-4246-B747-E7F120CE7509}.Release|Any CPU.Build.0 = Release|Any CPU
		{C647346C-0164-4E24-A91E-D4D8386A69E4}.Debug|Any CPU.ActiveCfg = Debug|Any CPU
		{C647346C-0164-4E24-A91E-D4D8386A69E4}.Debug|Any CPU.Build.0 = Debug|Any CPU
		{C647346C-0164-4E24-A91E-D4D8386A69E4}.Release|Any CPU.ActiveCfg = Release|Any CPU
		{C647346C-0164-4E24-A91E-D4D8386A69E4}.Release|Any CPU.Build.0 = Release|Any CPU
		{47EDD03A-E7D3-4037-B42B-210822646487}.Debug|Any CPU.ActiveCfg = Debug|Any CPU
		{47EDD03A-E7D3-4037-B42B-210822646487}.Debug|Any CPU.Build.0 = Debug|Any CPU
		{47EDD03A-E7D3-4037-B42B-210822646487}.Release|Any CPU.ActiveCfg = Release|Any CPU
		{47EDD03A-E7D3-4037-B42B-210822646487}.Release|Any CPU.Build.0 = Release|Any CPU
		{73CD368E-D71D-4D74-A897-9FF2BE974228}.Debug|Any CPU.ActiveCfg = Debug|Any CPU
		{73CD368E-D71D-4D74-A897-9FF2BE974228}.Debug|Any CPU.Build.0 = Debug|Any CPU
		{73CD368E-D71D-4D74-A897-9FF2BE974228}.Release|Any CPU.ActiveCfg = Release|Any CPU
		{73CD368E-D71D-4D74-A897-9FF2BE974228}.Release|Any CPU.Build.0 = Release|Any CPU
		{4CB5A431-01A2-49CE-A0A4-DEDD42AAD6AC}.Debug|Any CPU.ActiveCfg = Debug|Any CPU
		{4CB5A431-01A2-49CE-A0A4-DEDD42AAD6AC}.Debug|Any CPU.Build.0 = Debug|Any CPU
		{4CB5A431-01A2-49CE-A0A4-DEDD42AAD6AC}.Release|Any CPU.ActiveCfg = Release|Any CPU
		{4CB5A431-01A2-49CE-A0A4-DEDD42AAD6AC}.Release|Any CPU.Build.0 = Release|Any CPU
		{6869CD29-6560-4281-944A-BC03870293D3}.Debug|Any CPU.ActiveCfg = Debug|Any CPU
		{6869CD29-6560-4281-944A-BC03870293D3}.Debug|Any CPU.Build.0 = Debug|Any CPU
		{6869CD29-6560-4281-944A-BC03870293D3}.Release|Any CPU.ActiveCfg = Release|Any CPU
		{6869CD29-6560-4281-944A-BC03870293D3}.Release|Any CPU.Build.0 = Release|Any CPU
		{57897983-384F-4B00-A4CC-D63BCC8D8FBE}.Debug|Any CPU.ActiveCfg = Debug|Any CPU
		{57897983-384F-4B00-A4CC-D63BCC8D8FBE}.Debug|Any CPU.Build.0 = Debug|Any CPU
		{57897983-384F-4B00-A4CC-D63BCC8D8FBE}.Release|Any CPU.ActiveCfg = Release|Any CPU
		{57897983-384F-4B00-A4CC-D63BCC8D8FBE}.Release|Any CPU.Build.0 = Release|Any CPU
	EndGlobalSection
	GlobalSection(SolutionProperties) = preSolution
		HideSolutionNode = FALSE
	EndGlobalSection
	GlobalSection(NestedProjects) = preSolution
		{C28987B9-DF59-4646-AFA9-94E89E2CFD28} = {E75DAD51-B0CB-4320-AEF7-5125A8C407E5}
		{13B2FA8A-598A-45E6-9EED-9A6858305139} = {E75DAD51-B0CB-4320-AEF7-5125A8C407E5}
		{844D6EC0-D4C5-4DCF-A037-57C7E1F06172} = {E75DAD51-B0CB-4320-AEF7-5125A8C407E5}
		{5BEA1EA2-EF7F-44B4-8D9A-25A11408B021} = {E75DAD51-B0CB-4320-AEF7-5125A8C407E5}
		{2988C2E5-1AD8-4054-B9A7-C6929DA64F24} = {52D1A2FB-D7A1-4193-B05C-2C09848AF507}
		{A39B5A1E-074D-489C-8B25-A2B6B7D302C3} = {52D1A2FB-D7A1-4193-B05C-2C09848AF507}
		{1A3E6F42-EF71-4003-9DC5-16CE08E9D8DC} = {52D1A2FB-D7A1-4193-B05C-2C09848AF507}
		{ED2693FF-5919-4EFF-8546-3157A0CC1A82} = {52D1A2FB-D7A1-4193-B05C-2C09848AF507}
		{B2BDC2C1-0476-4B1A-8818-FEABB7CC82A8} = {BB2C828E-23F7-46EF-B0D8-AAE78802A0BC}
		{D79EE59F-5476-475D-B164-74C08C33DA20} = {BC2F12DC-F58A-46F2-B2AB-6AD8B8F96B50}
		{C4D5B263-9572-4421-8D2F-0F5B6BE4CB19} = {BC2F12DC-F58A-46F2-B2AB-6AD8B8F96B50}
		{407D0347-0BD7-4F41-B36A-793BB403B8A8} = {BC2F12DC-F58A-46F2-B2AB-6AD8B8F96B50}
		{B61B8D69-72DB-4246-B747-E7F120CE7509} = {BC2F12DC-F58A-46F2-B2AB-6AD8B8F96B50}
		{C647346C-0164-4E24-A91E-D4D8386A69E4} = {BC2F12DC-F58A-46F2-B2AB-6AD8B8F96B50}
		{47EDD03A-E7D3-4037-B42B-210822646487} = {73FA8530-995D-4E95-86CE-340BAD934D69}
		{73CD368E-D71D-4D74-A897-9FF2BE974228} = {73FA8530-995D-4E95-86CE-340BAD934D69}
		{4CB5A431-01A2-49CE-A0A4-DEDD42AAD6AC} = {73FA8530-995D-4E95-86CE-340BAD934D69}
		{6869CD29-6560-4281-944A-BC03870293D3} = {73FA8530-995D-4E95-86CE-340BAD934D69}
		{57897983-384F-4B00-A4CC-D63BCC8D8FBE} = {73FA8530-995D-4E95-86CE-340BAD934D69}
	EndGlobalSection
	GlobalSection(ExtensibilityGlobals) = postSolution
		SolutionGuid = {3CA0C4BE-6C30-4783-B041-091CDEDA715A}
	EndGlobalSection
EndGlobal
